
Microsoft Visual Studio Solution File, Format Version 12.00
# Visual Studio Version 16
VisualStudioVersion = 16.0.29613.14
MinimumVisualStudioVersion = 10.0.40219.1
Project("{9A19103F-16F7-4668-BE54-9A1E7A4F7556}") = "CareerCloud.Pocos", "CareerCloud.Pocos\CareerCloud.Pocos.csproj", "{1E00C358-62ED-41D5-9A03-FB95F3ED3930}"
EndProject
Project("{9A19103F-16F7-4668-BE54-9A1E7A4F7556}") = "CareerCloudCore.UnitTests.Assignment1", "CareerCloudCore.UnitTests.Assignment1\CareerCloudCore.UnitTests.Assignment1\CareerCloudCore.UnitTests.Assignment1.csproj", "{E13FE120-B79F-4588-B44B-723F45978A5A}"
EndProject
Project("{9A19103F-16F7-4668-BE54-9A1E7A4F7556}") = "CareerCloud.DataAccessLayer", "CareerCloud.DataAccessLayer\CareerCloud.DataAccessLayer.csproj", "{0C35C51F-8311-431E-ADE9-D4E1DBE7D905}"
EndProject
Project("{9A19103F-16F7-4668-BE54-9A1E7A4F7556}") = "CareerCloud.ADODataAccessLayer", "CareerCloud.ADODataAccessLayer\CareerCloud.ADODataAccessLayer.csproj", "{A1E9858D-58E5-4588-A359-380010B75481}"
EndProject
Project("{9A19103F-16F7-4668-BE54-9A1E7A4F7556}") = "ADOTester", "ADOTester\ADOTester.csproj", "{6C64D9FD-1F15-4D62-A20E-3A3A448F0D76}"
EndProject
Project("{9A19103F-16F7-4668-BE54-9A1E7A4F7556}") = "CareerCloud.BusinessLogicLayer", "CareerCloud.BusinessLogicLayer\CareerCloud.BusinessLogicLayer.csproj", "{DF6B2CBE-4973-4D8A-A827-56D152AE5F6F}"
EndProject
Project("{9A19103F-16F7-4668-BE54-9A1E7A4F7556}") = "CareerCloud.WebAPI", "CareerCloud.WebAPI\CareerCloud.WebAPI.csproj", "{3A57A5BF-3A8A-4D3B-8DA9-B04B446AAB76}"
EndProject
Project("{9A19103F-16F7-4668-BE54-9A1E7A4F7556}") = "CareerCloud.EntityFrameworkDataAccess", "CareerCloud.EntityFrameworkDataAccess\CareerCloud.EntityFrameworkDataAccess.csproj", "{CA57910D-AB31-438F-AAFE-474E82F23FF2}"
EndProject
Project("{9A19103F-16F7-4668-BE54-9A1E7A4F7556}") = "FindIPocoReferences", "FindIPocoReferences\FindIPocoReferences.csproj", "{0CD342C0-9B06-4686-A803-5DF2EACAD23B}"
EndProject
Project("{E24C65DC-7377-472B-9ABA-BC803B73C61A}") = "CareerCloud.SOAPService", "CareerCloud.SOAPService\", "{E7D43E70-9766-4170-BAAE-CC0B4BF0973A}"
	ProjectSection(WebsiteProperties) = preProject
		TargetFrameworkMoniker = ".NETFramework,Version%3Dv4.7.2"
		ProjectReferences = ""
		Debug.AspNetCompiler.VirtualPath = "/localhost_52222"
		Debug.AspNetCompiler.PhysicalPath = "CareerCloud.SOAPService\"
		Debug.AspNetCompiler.TargetPath = "PrecompiledWeb\localhost_52222\"
		Debug.AspNetCompiler.Updateable = "true"
		Debug.AspNetCompiler.ForceOverwrite = "true"
		Debug.AspNetCompiler.FixedNames = "false"
		Debug.AspNetCompiler.Debug = "True"
		Release.AspNetCompiler.VirtualPath = "/localhost_52222"
		Release.AspNetCompiler.PhysicalPath = "CareerCloud.SOAPService\"
		Release.AspNetCompiler.TargetPath = "PrecompiledWeb\localhost_52222\"
		Release.AspNetCompiler.Updateable = "true"
		Release.AspNetCompiler.ForceOverwrite = "true"
		Release.AspNetCompiler.FixedNames = "false"
		Release.AspNetCompiler.Debug = "False"
		VWDPort = "52222"
		SlnRelativePath = "CareerCloud.SOAPService\"
		DefaultWebSiteLanguage = "Visual C#"
	EndProjectSection
EndProject
Project("{FAE04EC0-301F-11D3-BF4B-00C04F79EFBC}") = "CareerCloud.Bridge", "CareerCloud.Bridge\CareerCloud.Bridge.csproj", "{89171D9A-8A51-45EA-BA7B-955F09DE4334}"
EndProject
Global
	GlobalSection(SolutionConfigurationPlatforms) = preSolution
		Debug|Any CPU = Debug|Any CPU
		Release|Any CPU = Release|Any CPU
	EndGlobalSection
	GlobalSection(ProjectConfigurationPlatforms) = postSolution
		{1E00C358-62ED-41D5-9A03-FB95F3ED3930}.Debug|Any CPU.ActiveCfg = Debug|Any CPU
		{1E00C358-62ED-41D5-9A03-FB95F3ED3930}.Debug|Any CPU.Build.0 = Debug|Any CPU
		{1E00C358-62ED-41D5-9A03-FB95F3ED3930}.Release|Any CPU.ActiveCfg = Release|Any CPU
		{1E00C358-62ED-41D5-9A03-FB95F3ED3930}.Release|Any CPU.Build.0 = Release|Any CPU
		{E13FE120-B79F-4588-B44B-723F45978A5A}.Debug|Any CPU.ActiveCfg = Debug|Any CPU
		{E13FE120-B79F-4588-B44B-723F45978A5A}.Debug|Any CPU.Build.0 = Debug|Any CPU
		{E13FE120-B79F-4588-B44B-723F45978A5A}.Release|Any CPU.ActiveCfg = Release|Any CPU
		{E13FE120-B79F-4588-B44B-723F45978A5A}.Release|Any CPU.Build.0 = Release|Any CPU
		{0C35C51F-8311-431E-ADE9-D4E1DBE7D905}.Debug|Any CPU.ActiveCfg = Debug|Any CPU
		{0C35C51F-8311-431E-ADE9-D4E1DBE7D905}.Debug|Any CPU.Build.0 = Debug|Any CPU
		{0C35C51F-8311-431E-ADE9-D4E1DBE7D905}.Release|Any CPU.ActiveCfg = Release|Any CPU
		{0C35C51F-8311-431E-ADE9-D4E1DBE7D905}.Release|Any CPU.Build.0 = Release|Any CPU
		{A1E9858D-58E5-4588-A359-380010B75481}.Debug|Any CPU.ActiveCfg = Debug|Any CPU
		{A1E9858D-58E5-4588-A359-380010B75481}.Debug|Any CPU.Build.0 = Debug|Any CPU
		{A1E9858D-58E5-4588-A359-380010B75481}.Release|Any CPU.ActiveCfg = Release|Any CPU
		{A1E9858D-58E5-4588-A359-380010B75481}.Release|Any CPU.Build.0 = Release|Any CPU
		{6C64D9FD-1F15-4D62-A20E-3A3A448F0D76}.Debug|Any CPU.ActiveCfg = Debug|Any CPU
		{6C64D9FD-1F15-4D62-A20E-3A3A448F0D76}.Debug|Any CPU.Build.0 = Debug|Any CPU
		{6C64D9FD-1F15-4D62-A20E-3A3A448F0D76}.Release|Any CPU.ActiveCfg = Release|Any CPU
		{6C64D9FD-1F15-4D62-A20E-3A3A448F0D76}.Release|Any CPU.Build.0 = Release|Any CPU
		{DF6B2CBE-4973-4D8A-A827-56D152AE5F6F}.Debug|Any CPU.ActiveCfg = Debug|Any CPU
		{DF6B2CBE-4973-4D8A-A827-56D152AE5F6F}.Debug|Any CPU.Build.0 = Debug|Any CPU
		{DF6B2CBE-4973-4D8A-A827-56D152AE5F6F}.Release|Any CPU.ActiveCfg = Release|Any CPU
		{DF6B2CBE-4973-4D8A-A827-56D152AE5F6F}.Release|Any CPU.Build.0 = Release|Any CPU
		{3A57A5BF-3A8A-4D3B-8DA9-B04B446AAB76}.Debug|Any CPU.ActiveCfg = Debug|Any CPU
		{3A57A5BF-3A8A-4D3B-8DA9-B04B446AAB76}.Debug|Any CPU.Build.0 = Debug|Any CPU
		{3A57A5BF-3A8A-4D3B-8DA9-B04B446AAB76}.Release|Any CPU.ActiveCfg = Release|Any CPU
		{3A57A5BF-3A8A-4D3B-8DA9-B04B446AAB76}.Release|Any CPU.Build.0 = Release|Any CPU
		{CA57910D-AB31-438F-AAFE-474E82F23FF2}.Debug|Any CPU.ActiveCfg = Debug|Any CPU
		{CA57910D-AB31-438F-AAFE-474E82F23FF2}.Debug|Any CPU.Build.0 = Debug|Any CPU
		{CA57910D-AB31-438F-AAFE-474E82F23FF2}.Release|Any CPU.ActiveCfg = Release|Any CPU
		{CA57910D-AB31-438F-AAFE-474E82F23FF2}.Release|Any CPU.Build.0 = Release|Any CPU
		{0CD342C0-9B06-4686-A803-5DF2EACAD23B}.Debug|Any CPU.ActiveCfg = Debug|Any CPU
		{0CD342C0-9B06-4686-A803-5DF2EACAD23B}.Debug|Any CPU.Build.0 = Debug|Any CPU
		{0CD342C0-9B06-4686-A803-5DF2EACAD23B}.Release|Any CPU.ActiveCfg = Release|Any CPU
		{0CD342C0-9B06-4686-A803-5DF2EACAD23B}.Release|Any CPU.Build.0 = Release|Any CPU
		{E7D43E70-9766-4170-BAAE-CC0B4BF0973A}.Debug|Any CPU.ActiveCfg = Debug|Any CPU
		{E7D43E70-9766-4170-BAAE-CC0B4BF0973A}.Debug|Any CPU.Build.0 = Debug|Any CPU
		{E7D43E70-9766-4170-BAAE-CC0B4BF0973A}.Release|Any CPU.ActiveCfg = Debug|Any CPU
		{E7D43E70-9766-4170-BAAE-CC0B4BF0973A}.Release|Any CPU.Build.0 = Debug|Any CPU
		{89171D9A-8A51-45EA-BA7B-955F09DE4334}.Debug|Any CPU.ActiveCfg = Debug|Any CPU
		{89171D9A-8A51-45EA-BA7B-955F09DE4334}.Debug|Any CPU.Build.0 = Debug|Any CPU
		{89171D9A-8A51-45EA-BA7B-955F09DE4334}.Release|Any CPU.ActiveCfg = Release|Any CPU
		{89171D9A-8A51-45EA-BA7B-955F09DE4334}.Release|Any CPU.Build.0 = Release|Any CPU
	EndGlobalSection
	GlobalSection(SolutionProperties) = preSolution
		HideSolutionNode = FALSE
	EndGlobalSection
	GlobalSection(ExtensibilityGlobals) = postSolution
		SolutionGuid = {6AFBF327-CAFB-4634-A2D2-7EF66F8A6107}
	EndGlobalSection
EndGlobal
